
Microsoft Visual Studio Solution File, Format Version 12.00
# Visual Studio Version 17
VisualStudioVersion = 17.11.35312.102
MinimumVisualStudioVersion = 10.0.40219.1
Project("{FAE04EC0-301F-11D3-BF4B-00C04F79EFBC}") = "Testi1", "Testi1\Testi1.csproj", "{3A45603F-BA70-4203-969F-A3F0B0A62AAB}"
EndProject
Project("{FAE04EC0-301F-11D3-BF4B-00C04F79EFBC}") = "Harjoitus", "Harjoitus\Harjoitus.csproj", "{410BC505-F3A3-456F-998F-DD116766BEF1}"
EndProject
Project("{FAE04EC0-301F-11D3-BF4B-00C04F79EFBC}") = "KolmekarhuaJaKissa", "KolmekarhuaJaKissa\KolmekarhuaJaKissa.csproj", "{A79BED37-B420-4ED0-AF88-5AD8DBAFE4B2}"
EndProject
Project("{FAE04EC0-301F-11D3-BF4B-00C04F79EFBC}") = "Valtakuntien Herruus", "Valtakuntien Herruus\Valtakuntien Herruus.csproj", "{6ADA544A-8701-4A61-BFF5-0058B02092A7}"
EndProject
Project("{FAE04EC0-301F-11D3-BF4B-00C04F79EFBC}") = "Ritariryhmä Liikkeelle", "Ritariryhmä Liikkeelle\Ritariryhmä Liikkeelle.csproj", "{D7534BC3-5BF5-4080-8DF5-E9DAA81A5AB1}"
EndProject
Global
	GlobalSection(SolutionConfigurationPlatforms) = preSolution
		Debug|Any CPU = Debug|Any CPU
		Release|Any CPU = Release|Any CPU
	EndGlobalSection
	GlobalSection(ProjectConfigurationPlatforms) = postSolution
		{3A45603F-BA70-4203-969F-A3F0B0A62AAB}.Debug|Any CPU.ActiveCfg = Debug|Any CPU
		{3A45603F-BA70-4203-969F-A3F0B0A62AAB}.Debug|Any CPU.Build.0 = Debug|Any CPU
		{3A45603F-BA70-4203-969F-A3F0B0A62AAB}.Release|Any CPU.ActiveCfg = Release|Any CPU
		{3A45603F-BA70-4203-969F-A3F0B0A62AAB}.Release|Any CPU.Build.0 = Release|Any CPU
		{410BC505-F3A3-456F-998F-DD116766BEF1}.Debug|Any CPU.ActiveCfg = Debug|Any CPU
		{410BC505-F3A3-456F-998F-DD116766BEF1}.Debug|Any CPU.Build.0 = Debug|Any CPU
		{410BC505-F3A3-456F-998F-DD116766BEF1}.Release|Any CPU.ActiveCfg = Release|Any CPU
		{410BC505-F3A3-456F-998F-DD116766BEF1}.Release|Any CPU.Build.0 = Release|Any CPU
		{A79BED37-B420-4ED0-AF88-5AD8DBAFE4B2}.Debug|Any CPU.ActiveCfg = Debug|Any CPU
		{A79BED37-B420-4ED0-AF88-5AD8DBAFE4B2}.Debug|Any CPU.Build.0 = Debug|Any CPU
		{A79BED37-B420-4ED0-AF88-5AD8DBAFE4B2}.Release|Any CPU.ActiveCfg = Release|Any CPU
		{A79BED37-B420-4ED0-AF88-5AD8DBAFE4B2}.Release|Any CPU.Build.0 = Release|Any CPU
		{6ADA544A-8701-4A61-BFF5-0058B02092A7}.Debug|Any CPU.ActiveCfg = Debug|Any CPU
		{6ADA544A-8701-4A61-BFF5-0058B02092A7}.Debug|Any CPU.Build.0 = Debug|Any CPU
		{6ADA544A-8701-4A61-BFF5-0058B02092A7}.Release|Any CPU.ActiveCfg = Release|Any CPU
		{6ADA544A-8701-4A61-BFF5-0058B02092A7}.Release|Any CPU.Build.0 = Release|Any CPU
		{D7534BC3-5BF5-4080-8DF5-E9DAA81A5AB1}.Debug|Any CPU.ActiveCfg = Debug|Any CPU
		{D7534BC3-5BF5-4080-8DF5-E9DAA81A5AB1}.Debug|Any CPU.Build.0 = Debug|Any CPU
		{D7534BC3-5BF5-4080-8DF5-E9DAA81A5AB1}.Release|Any CPU.ActiveCfg = Release|Any CPU
		{D7534BC3-5BF5-4080-8DF5-E9DAA81A5AB1}.Release|Any CPU.Build.0 = Release|Any CPU
	EndGlobalSection
	GlobalSection(SolutionProperties) = preSolution
		HideSolutionNode = FALSE
	EndGlobalSection
	GlobalSection(ExtensibilityGlobals) = postSolution
		SolutionGuid = {99F19134-CE6B-4B24-ADE5-01AF02F7669E}
	EndGlobalSection
EndGlobal
